
Microsoft Visual Studio Solution File, Format Version 12.00
# Visual Studio 2013
VisualStudioVersion = 12.0.30501.0
MinimumVisualStudioVersion = 10.0.40219.1
Project("{8BC9CEB8-8B4A-11D0-8D11-00A0C91BC942}") = "comp345-delivery02", "comp345-delivery02\comp345-delivery02.vcxproj", "{D9C26562-4E8E-46C1-99B7-15A04E85E649}"
EndProject
Global
	GlobalSection(SolutionConfigurationPlatforms) = preSolution
		Debug|Win32 = Debug|Win32
		Release|Win32 = Release|Win32
	EndGlobalSection
	GlobalSection(ProjectConfigurationPlatforms) = postSolution
		{D9C26562-4E8E-46C1-99B7-15A04E85E649}.Debug|Win32.ActiveCfg = Debug|Win32
		{D9C26562-4E8E-46C1-99B7-15A04E85E649}.Debug|Win32.Build.0 = Debug|Win32
		{D9C26562-4E8E-46C1-99B7-15A04E85E649}.Release|Win32.ActiveCfg = Release|Win32
		{D9C26562-4E8E-46C1-99B7-15A04E85E649}.Release|Win32.Build.0 = Release|Win32
	EndGlobalSection
	GlobalSection(SolutionProperties) = preSolution
		HideSolutionNode = FALSE
	EndGlobalSection
EndGlobal
